
Microsoft Visual Studio Solution File, Format Version 12.00
# Visual Studio Version 17
VisualStudioVersion = 17.1.32328.378
MinimumVisualStudioVersion = 10.0.40219.1
Project("{FAE04EC0-301F-11D3-BF4B-00C04F79EFBC}") = "IntroToGitHubFE", "IntroToGitHubFE\IntroToGitHubFE.csproj", "{80621525-CB05-499A-A194-0CF36762D0FD}"
EndProject
Global
	GlobalSection(SolutionConfigurationPlatforms) = preSolution
		Debug|Any CPU = Debug|Any CPU
		Release|Any CPU = Release|Any CPU
	EndGlobalSection
	GlobalSection(ProjectConfigurationPlatforms) = postSolution
		{80621525-CB05-499A-A194-0CF36762D0FD}.Debug|Any CPU.ActiveCfg = Debug|Any CPU
		{80621525-CB05-499A-A194-0CF36762D0FD}.Debug|Any CPU.Build.0 = Debug|Any CPU
		{80621525-CB05-499A-A194-0CF36762D0FD}.Release|Any CPU.ActiveCfg = Release|Any CPU
		{80621525-CB05-499A-A194-0CF36762D0FD}.Release|Any CPU.Build.0 = Release|Any CPU
	EndGlobalSection
	GlobalSection(SolutionProperties) = preSolution
		HideSolutionNode = FALSE
	EndGlobalSection
	GlobalSection(ExtensibilityGlobals) = postSolution
		SolutionGuid = {7BFD3D4E-C0EA-426A-89D3-445498E49869}
	EndGlobalSection
EndGlobal
